
Microsoft Visual Studio Solution File, Format Version 12.00
# Visual Studio Version 16
VisualStudioVersion = 16.0.28803.352
MinimumVisualStudioVersion = 10.0.40219.1
Project("{FAE04EC0-301F-11D3-BF4B-00C04F79EFBC}") = "SmeData.Mobile.UWP", "SmeData.Mobile\SmeData.Mobile.UWP\SmeData.Mobile.UWP.csproj", "{4BA17610-6DE9-420C-BC94-FB3F517E7750}"
EndProject
Project("{FAE04EC0-301F-11D3-BF4B-00C04F79EFBC}") = "SmeData.Mobile.Android", "SmeData.Mobile\SmeData.Mobile.Android\SmeData.Mobile.Android.csproj", "{07246D91-10EE-4AF1-A36D-3AA4BA47AF01}"
EndProject
Project("{FAE04EC0-301F-11D3-BF4B-00C04F79EFBC}") = "SmeData.Mobile.iOS", "SmeData.Mobile\SmeData.Mobile.iOS\SmeData.Mobile.iOS.csproj", "{3D0462D3-A7AD-4C10-998D-E5B47A33B8F2}"
EndProject
Project("{9A19103F-16F7-4668-BE54-9A1E7A4F7556}") = "SmeData.Mobile", "SmeData.Mobile\SmeData.Mobile\SmeData.Mobile.csproj", "{D5565BCF-2847-47F2-BDF5-B94A3571F6AD}"
EndProject
Project("{2150E333-8FDC-42A3-9474-1A3956D46DE8}") = "WebApi", "WebApi", "{5B92F737-DB78-403C-856C-98DF3E23A733}"
EndProject
Project("{9A19103F-16F7-4668-BE54-9A1E7A4F7556}") = "SmeData.WebApi.Models", "SmeData.WebApi.Models\SmeData.WebApi.Models.csproj", "{6E6373DC-4631-4B6A-9681-21380D61FDC5}"
EndProject
Project("{9A19103F-16F7-4668-BE54-9A1E7A4F7556}") = "SmeData.WebApi.Data", "SmeData.WebApi.Data\SmeData.WebApi.Data.csproj", "{328EFF52-B793-4829-B4CF-6E32D20B9EEF}"
EndProject
Project("{9A19103F-16F7-4668-BE54-9A1E7A4F7556}") = "SmeData.WebApi", "SmeData.WebApi\SmeData.WebApi.csproj", "{11B4FC18-00EF-4A2E-B905-6736F88B73F5}"
EndProject
Project("{9A19103F-16F7-4668-BE54-9A1E7A4F7556}") = "SmeData.Mobile.Data", "SmeData.Mobile.Data\SmeData.Mobile.Data.csproj", "{75AA8F2B-1067-4ED8-93EF-A179CEE37B03}"
EndProject
Project("{2150E333-8FDC-42A3-9474-1A3956D46DE8}") = "Shared", "Shared", "{6F2F6C42-FD3B-4BA9-A4E1-A82D44D02AC0}"
EndProject
Project("{9A19103F-16F7-4668-BE54-9A1E7A4F7556}") = "SmeData.SharedModels", "SmeData.SharedModels\SmeData.SharedModels.csproj", "{FFC933EE-CB3F-48B9-A62E-C0876444E37D}"
EndProject
Project("{9A19103F-16F7-4668-BE54-9A1E7A4F7556}") = "SmeData.DocConverter", "SmeData.DocConverter\SmeData.DocConverter.csproj", "{9A57FB5E-A613-4AF9-B7B0-217F8CBFE46E}"
EndProject
Project("{9A19103F-16F7-4668-BE54-9A1E7A4F7556}") = "SmeData.Common", "Helper\SmeData.Common.csproj", "{AA1F3186-943F-4423-A2A5-1B56B5867819}"
EndProject
Project("{9A19103F-16F7-4668-BE54-9A1E7A4F7556}") = "SmeData.WebApi.Services", "SmeData.WebApi.Services\SmeData.WebApi.Services.csproj", "{D36747E7-FE5B-40BF-A2CA-04BA4C05313A}"
EndProject
Project("{9A19103F-16F7-4668-BE54-9A1E7A4F7556}") = "SmeData.FTI.WebApi", "SmeData.FTI.WebApi\SmeData.FTI.WebApi.csproj", "{94B575C9-557D-4771-BF27-1DC6C87E920F}"
EndProject
Project("{FAE04EC0-301F-11D3-BF4B-00C04F79EFBC}") = "SmeData.FTI.WebApi.Tests", "SmeData.FTI.WebApi.Tests\SmeData.FTI.WebApi.Tests.csproj", "{339FF665-2CAA-4B1F-89DE-5F45B89F9989}"
EndProject
Project("{9A19103F-16F7-4668-BE54-9A1E7A4F7556}") = "SmeData.WebApi.Tests", "SmeData.WebApi.Tests\SmeData.WebApi.Tests.csproj", "{746F51D4-27EF-4153-ACE8-8BB788DD734B}"
EndProject
Project("{FAE04EC0-301F-11D3-BF4B-00C04F79EFBC}") = "SmeData.Mobile.UITests", "SmeData.Mobile.UITests\SmeData.Mobile.UITests.csproj", "{39CAC3AB-C24A-4693-8B2F-52033A0EC998}"
EndProject
Project("{2150E333-8FDC-42A3-9474-1A3956D46DE8}") = "Tools", "Tools", "{BC2EED4C-141F-47F4-9323-18CBBB135737}"
EndProject
Project("{FAE04EC0-301F-11D3-BF4B-00C04F79EFBC}") = "SmeData.ToolsForDocumentsUpdate", "ToolsForDocumentsUpdate\SmeData.ToolsForDocumentsUpdate.csproj", "{FDDBD72B-27C6-4C53-8AB1-77EF44581DB0}"
EndProject
Global
	GlobalSection(SolutionConfigurationPlatforms) = preSolution
		Debug|Any CPU = Debug|Any CPU
		Debug|ARM = Debug|ARM
		Debug|iPhone = Debug|iPhone
		Debug|iPhoneSimulator = Debug|iPhoneSimulator
		Debug|x64 = Debug|x64
		Debug|x86 = Debug|x86
		Release|Any CPU = Release|Any CPU
		Release|ARM = Release|ARM
		Release|iPhone = Release|iPhone
		Release|iPhoneSimulator = Release|iPhoneSimulator
		Release|x64 = Release|x64
		Release|x86 = Release|x86
	EndGlobalSection
	GlobalSection(ProjectConfigurationPlatforms) = postSolution
		{4BA17610-6DE9-420C-BC94-FB3F517E7750}.Debug|Any CPU.ActiveCfg = Debug|x86
		{4BA17610-6DE9-420C-BC94-FB3F517E7750}.Debug|Any CPU.Build.0 = Debug|x86
		{4BA17610-6DE9-420C-BC94-FB3F517E7750}.Debug|Any CPU.Deploy.0 = Debug|x86
		{4BA17610-6DE9-420C-BC94-FB3F517E7750}.Debug|ARM.ActiveCfg = Debug|ARM
		{4BA17610-6DE9-420C-BC94-FB3F517E7750}.Debug|ARM.Build.0 = Debug|ARM
		{4BA17610-6DE9-420C-BC94-FB3F517E7750}.Debug|ARM.Deploy.0 = Debug|ARM
		{4BA17610-6DE9-420C-BC94-FB3F517E7750}.Debug|iPhone.ActiveCfg = Debug|x86
		{4BA17610-6DE9-420C-BC94-FB3F517E7750}.Debug|iPhone.Build.0 = Debug|x86
		{4BA17610-6DE9-420C-BC94-FB3F517E7750}.Debug|iPhone.Deploy.0 = Debug|x86
		{4BA17610-6DE9-420C-BC94-FB3F517E7750}.Debug|iPhoneSimulator.ActiveCfg = Debug|x86
		{4BA17610-6DE9-420C-BC94-FB3F517E7750}.Debug|iPhoneSimulator.Build.0 = Debug|x86
		{4BA17610-6DE9-420C-BC94-FB3F517E7750}.Debug|iPhoneSimulator.Deploy.0 = Debug|x86
		{4BA17610-6DE9-420C-BC94-FB3F517E7750}.Debug|x64.ActiveCfg = Debug|x64
		{4BA17610-6DE9-420C-BC94-FB3F517E7750}.Debug|x64.Build.0 = Debug|x64
		{4BA17610-6DE9-420C-BC94-FB3F517E7750}.Debug|x64.Deploy.0 = Debug|x64
		{4BA17610-6DE9-420C-BC94-FB3F517E7750}.Debug|x86.ActiveCfg = Debug|x86
		{4BA17610-6DE9-420C-BC94-FB3F517E7750}.Debug|x86.Build.0 = Debug|x86
		{4BA17610-6DE9-420C-BC94-FB3F517E7750}.Debug|x86.Deploy.0 = Debug|x86
		{4BA17610-6DE9-420C-BC94-FB3F517E7750}.Release|Any CPU.ActiveCfg = Release|x86
		{4BA17610-6DE9-420C-BC94-FB3F517E7750}.Release|Any CPU.Build.0 = Release|x86
		{4BA17610-6DE9-420C-BC94-FB3F517E7750}.Release|Any CPU.Deploy.0 = Release|x86
		{4BA17610-6DE9-420C-BC94-FB3F517E7750}.Release|ARM.ActiveCfg = Release|ARM
		{4BA17610-6DE9-420C-BC94-FB3F517E7750}.Release|ARM.Build.0 = Release|ARM
		{4BA17610-6DE9-420C-BC94-FB3F517E7750}.Release|ARM.Deploy.0 = Release|ARM
		{4BA17610-6DE9-420C-BC94-FB3F517E7750}.Release|iPhone.ActiveCfg = Release|x86
		{4BA17610-6DE9-420C-BC94-FB3F517E7750}.Release|iPhone.Build.0 = Release|x86
		{4BA17610-6DE9-420C-BC94-FB3F517E7750}.Release|iPhone.Deploy.0 = Release|x86
		{4BA17610-6DE9-420C-BC94-FB3F517E7750}.Release|iPhoneSimulator.ActiveCfg = Release|x86
		{4BA17610-6DE9-420C-BC94-FB3F517E7750}.Release|iPhoneSimulator.Build.0 = Release|x86
		{4BA17610-6DE9-420C-BC94-FB3F517E7750}.Release|iPhoneSimulator.Deploy.0 = Release|x86
		{4BA17610-6DE9-420C-BC94-FB3F517E7750}.Release|x64.ActiveCfg = Release|x64
		{4BA17610-6DE9-420C-BC94-FB3F517E7750}.Release|x64.Build.0 = Release|x64
		{4BA17610-6DE9-420C-BC94-FB3F517E7750}.Release|x64.Deploy.0 = Release|x64
		{4BA17610-6DE9-420C-BC94-FB3F517E7750}.Release|x86.ActiveCfg = Release|x86
		{4BA17610-6DE9-420C-BC94-FB3F517E7750}.Release|x86.Build.0 = Release|x86
		{4BA17610-6DE9-420C-BC94-FB3F517E7750}.Release|x86.Deploy.0 = Release|x86
		{07246D91-10EE-4AF1-A36D-3AA4BA47AF01}.Debug|Any CPU.ActiveCfg = Debug|Any CPU
		{07246D91-10EE-4AF1-A36D-3AA4BA47AF01}.Debug|Any CPU.Build.0 = Debug|Any CPU
		{07246D91-10EE-4AF1-A36D-3AA4BA47AF01}.Debug|Any CPU.Deploy.0 = Debug|Any CPU
		{07246D91-10EE-4AF1-A36D-3AA4BA47AF01}.Debug|ARM.ActiveCfg = Debug|Any CPU
		{07246D91-10EE-4AF1-A36D-3AA4BA47AF01}.Debug|ARM.Build.0 = Debug|Any CPU
		{07246D91-10EE-4AF1-A36D-3AA4BA47AF01}.Debug|ARM.Deploy.0 = Debug|Any CPU
		{07246D91-10EE-4AF1-A36D-3AA4BA47AF01}.Debug|iPhone.ActiveCfg = Debug|Any CPU
		{07246D91-10EE-4AF1-A36D-3AA4BA47AF01}.Debug|iPhone.Build.0 = Debug|Any CPU
		{07246D91-10EE-4AF1-A36D-3AA4BA47AF01}.Debug|iPhone.Deploy.0 = Debug|Any CPU
		{07246D91-10EE-4AF1-A36D-3AA4BA47AF01}.Debug|iPhoneSimulator.ActiveCfg = Debug|Any CPU
		{07246D91-10EE-4AF1-A36D-3AA4BA47AF01}.Debug|iPhoneSimulator.Build.0 = Debug|Any CPU
		{07246D91-10EE-4AF1-A36D-3AA4BA47AF01}.Debug|iPhoneSimulator.Deploy.0 = Debug|Any CPU
		{07246D91-10EE-4AF1-A36D-3AA4BA47AF01}.Debug|x64.ActiveCfg = Debug|Any CPU
		{07246D91-10EE-4AF1-A36D-3AA4BA47AF01}.Debug|x64.Build.0 = Debug|Any CPU
		{07246D91-10EE-4AF1-A36D-3AA4BA47AF01}.Debug|x64.Deploy.0 = Debug|Any CPU
		{07246D91-10EE-4AF1-A36D-3AA4BA47AF01}.Debug|x86.ActiveCfg = Debug|Any CPU
		{07246D91-10EE-4AF1-A36D-3AA4BA47AF01}.Debug|x86.Build.0 = Debug|Any CPU
		{07246D91-10EE-4AF1-A36D-3AA4BA47AF01}.Debug|x86.Deploy.0 = Debug|Any CPU
		{07246D91-10EE-4AF1-A36D-3AA4BA47AF01}.Release|Any CPU.ActiveCfg = Release|Any CPU
		{07246D91-10EE-4AF1-A36D-3AA4BA47AF01}.Release|Any CPU.Build.0 = Release|Any CPU
		{07246D91-10EE-4AF1-A36D-3AA4BA47AF01}.Release|Any CPU.Deploy.0 = Release|Any CPU
		{07246D91-10EE-4AF1-A36D-3AA4BA47AF01}.Release|ARM.ActiveCfg = Release|Any CPU
		{07246D91-10EE-4AF1-A36D-3AA4BA47AF01}.Release|ARM.Build.0 = Release|Any CPU
		{07246D91-10EE-4AF1-A36D-3AA4BA47AF01}.Release|ARM.Deploy.0 = Release|Any CPU
		{07246D91-10EE-4AF1-A36D-3AA4BA47AF01}.Release|iPhone.ActiveCfg = Release|Any CPU
		{07246D91-10EE-4AF1-A36D-3AA4BA47AF01}.Release|iPhone.Build.0 = Release|Any CPU
		{07246D91-10EE-4AF1-A36D-3AA4BA47AF01}.Release|iPhone.Deploy.0 = Release|Any CPU
		{07246D91-10EE-4AF1-A36D-3AA4BA47AF01}.Release|iPhoneSimulator.ActiveCfg = Release|Any CPU
		{07246D91-10EE-4AF1-A36D-3AA4BA47AF01}.Release|iPhoneSimulator.Build.0 = Release|Any CPU
		{07246D91-10EE-4AF1-A36D-3AA4BA47AF01}.Release|iPhoneSimulator.Deploy.0 = Release|Any CPU
		{07246D91-10EE-4AF1-A36D-3AA4BA47AF01}.Release|x64.ActiveCfg = Release|Any CPU
		{07246D91-10EE-4AF1-A36D-3AA4BA47AF01}.Release|x64.Build.0 = Release|Any CPU
		{07246D91-10EE-4AF1-A36D-3AA4BA47AF01}.Release|x64.Deploy.0 = Release|Any CPU
		{07246D91-10EE-4AF1-A36D-3AA4BA47AF01}.Release|x86.ActiveCfg = Release|Any CPU
		{07246D91-10EE-4AF1-A36D-3AA4BA47AF01}.Release|x86.Build.0 = Release|Any CPU
		{07246D91-10EE-4AF1-A36D-3AA4BA47AF01}.Release|x86.Deploy.0 = Release|Any CPU
		{3D0462D3-A7AD-4C10-998D-E5B47A33B8F2}.Debug|Any CPU.ActiveCfg = Debug|iPhone
		{3D0462D3-A7AD-4C10-998D-E5B47A33B8F2}.Debug|Any CPU.Build.0 = Debug|iPhone
		{3D0462D3-A7AD-4C10-998D-E5B47A33B8F2}.Debug|Any CPU.Deploy.0 = Debug|iPhone
		{3D0462D3-A7AD-4C10-998D-E5B47A33B8F2}.Debug|ARM.ActiveCfg = Debug|iPhoneSimulator
		{3D0462D3-A7AD-4C10-998D-E5B47A33B8F2}.Debug|ARM.Build.0 = Debug|iPhoneSimulator
		{3D0462D3-A7AD-4C10-998D-E5B47A33B8F2}.Debug|ARM.Deploy.0 = Debug|iPhoneSimulator
		{3D0462D3-A7AD-4C10-998D-E5B47A33B8F2}.Debug|iPhone.ActiveCfg = Debug|iPhone
		{3D0462D3-A7AD-4C10-998D-E5B47A33B8F2}.Debug|iPhone.Build.0 = Debug|iPhone
		{3D0462D3-A7AD-4C10-998D-E5B47A33B8F2}.Debug|iPhone.Deploy.0 = Debug|iPhone
		{3D0462D3-A7AD-4C10-998D-E5B47A33B8F2}.Debug|iPhoneSimulator.ActiveCfg = Debug|iPhoneSimulator
		{3D0462D3-A7AD-4C10-998D-E5B47A33B8F2}.Debug|iPhoneSimulator.Build.0 = Debug|iPhoneSimulator
		{3D0462D3-A7AD-4C10-998D-E5B47A33B8F2}.Debug|iPhoneSimulator.Deploy.0 = Debug|iPhoneSimulator
		{3D0462D3-A7AD-4C10-998D-E5B47A33B8F2}.Debug|x64.ActiveCfg = Debug|iPhone
		{3D0462D3-A7AD-4C10-998D-E5B47A33B8F2}.Debug|x64.Build.0 = Debug|iPhone
		{3D0462D3-A7AD-4C10-998D-E5B47A33B8F2}.Debug|x64.Deploy.0 = Debug|iPhone
		{3D0462D3-A7AD-4C10-998D-E5B47A33B8F2}.Debug|x86.ActiveCfg = Debug|iPhone
		{3D0462D3-A7AD-4C10-998D-E5B47A33B8F2}.Debug|x86.Build.0 = Debug|iPhone
		{3D0462D3-A7AD-4C10-998D-E5B47A33B8F2}.Debug|x86.Deploy.0 = Debug|iPhone
		{3D0462D3-A7AD-4C10-998D-E5B47A33B8F2}.Release|Any CPU.ActiveCfg = Release|iPhone
		{3D0462D3-A7AD-4C10-998D-E5B47A33B8F2}.Release|Any CPU.Build.0 = Release|iPhone
		{3D0462D3-A7AD-4C10-998D-E5B47A33B8F2}.Release|Any CPU.Deploy.0 = Release|iPhone
		{3D0462D3-A7AD-4C10-998D-E5B47A33B8F2}.Release|ARM.ActiveCfg = Release|iPhone
		{3D0462D3-A7AD-4C10-998D-E5B47A33B8F2}.Release|ARM.Build.0 = Release|iPhone
		{3D0462D3-A7AD-4C10-998D-E5B47A33B8F2}.Release|ARM.Deploy.0 = Release|iPhone
		{3D0462D3-A7AD-4C10-998D-E5B47A33B8F2}.Release|iPhone.ActiveCfg = Release|iPhone
		{3D0462D3-A7AD-4C10-998D-E5B47A33B8F2}.Release|iPhone.Build.0 = Release|iPhone
		{3D0462D3-A7AD-4C10-998D-E5B47A33B8F2}.Release|iPhone.Deploy.0 = Release|iPhone
		{3D0462D3-A7AD-4C10-998D-E5B47A33B8F2}.Release|iPhoneSimulator.ActiveCfg = Release|iPhoneSimulator
		{3D0462D3-A7AD-4C10-998D-E5B47A33B8F2}.Release|iPhoneSimulator.Build.0 = Release|iPhoneSimulator
		{3D0462D3-A7AD-4C10-998D-E5B47A33B8F2}.Release|iPhoneSimulator.Deploy.0 = Release|iPhoneSimulator
		{3D0462D3-A7AD-4C10-998D-E5B47A33B8F2}.Release|x64.ActiveCfg = Release|iPhone
		{3D0462D3-A7AD-4C10-998D-E5B47A33B8F2}.Release|x64.Build.0 = Release|iPhone
		{3D0462D3-A7AD-4C10-998D-E5B47A33B8F2}.Release|x64.Deploy.0 = Release|iPhone
		{3D0462D3-A7AD-4C10-998D-E5B47A33B8F2}.Release|x86.ActiveCfg = Release|iPhone
		{3D0462D3-A7AD-4C10-998D-E5B47A33B8F2}.Release|x86.Build.0 = Release|iPhone
		{3D0462D3-A7AD-4C10-998D-E5B47A33B8F2}.Release|x86.Deploy.0 = Release|iPhone
		{D5565BCF-2847-47F2-BDF5-B94A3571F6AD}.Debug|Any CPU.ActiveCfg = Debug|Any CPU
		{D5565BCF-2847-47F2-BDF5-B94A3571F6AD}.Debug|Any CPU.Build.0 = Debug|Any CPU
		{D5565BCF-2847-47F2-BDF5-B94A3571F6AD}.Debug|Any CPU.Deploy.0 = Debug|Any CPU
		{D5565BCF-2847-47F2-BDF5-B94A3571F6AD}.Debug|ARM.ActiveCfg = Debug|Any CPU
		{D5565BCF-2847-47F2-BDF5-B94A3571F6AD}.Debug|ARM.Build.0 = Debug|Any CPU
		{D5565BCF-2847-47F2-BDF5-B94A3571F6AD}.Debug|ARM.Deploy.0 = Debug|Any CPU
		{D5565BCF-2847-47F2-BDF5-B94A3571F6AD}.Debug|iPhone.ActiveCfg = Debug|Any CPU
		{D5565BCF-2847-47F2-BDF5-B94A3571F6AD}.Debug|iPhone.Build.0 = Debug|Any CPU
		{D5565BCF-2847-47F2-BDF5-B94A3571F6AD}.Debug|iPhone.Deploy.0 = Debug|Any CPU
		{D5565BCF-2847-47F2-BDF5-B94A3571F6AD}.Debug|iPhoneSimulator.ActiveCfg = Debug|Any CPU
		{D5565BCF-2847-47F2-BDF5-B94A3571F6AD}.Debug|iPhoneSimulator.Build.0 = Debug|Any CPU
		{D5565BCF-2847-47F2-BDF5-B94A3571F6AD}.Debug|iPhoneSimulator.Deploy.0 = Debug|Any CPU
		{D5565BCF-2847-47F2-BDF5-B94A3571F6AD}.Debug|x64.ActiveCfg = Debug|Any CPU
		{D5565BCF-2847-47F2-BDF5-B94A3571F6AD}.Debug|x64.Build.0 = Debug|Any CPU
		{D5565BCF-2847-47F2-BDF5-B94A3571F6AD}.Debug|x64.Deploy.0 = Debug|Any CPU
		{D5565BCF-2847-47F2-BDF5-B94A3571F6AD}.Debug|x86.ActiveCfg = Debug|Any CPU
		{D5565BCF-2847-47F2-BDF5-B94A3571F6AD}.Debug|x86.Build.0 = Debug|Any CPU
		{D5565BCF-2847-47F2-BDF5-B94A3571F6AD}.Debug|x86.Deploy.0 = Debug|Any CPU
		{D5565BCF-2847-47F2-BDF5-B94A3571F6AD}.Release|Any CPU.ActiveCfg = Release|Any CPU
		{D5565BCF-2847-47F2-BDF5-B94A3571F6AD}.Release|Any CPU.Build.0 = Release|Any CPU
		{D5565BCF-2847-47F2-BDF5-B94A3571F6AD}.Release|Any CPU.Deploy.0 = Release|Any CPU
		{D5565BCF-2847-47F2-BDF5-B94A3571F6AD}.Release|ARM.ActiveCfg = Release|Any CPU
		{D5565BCF-2847-47F2-BDF5-B94A3571F6AD}.Release|ARM.Build.0 = Release|Any CPU
		{D5565BCF-2847-47F2-BDF5-B94A3571F6AD}.Release|ARM.Deploy.0 = Release|Any CPU
		{D5565BCF-2847-47F2-BDF5-B94A3571F6AD}.Release|iPhone.ActiveCfg = Release|Any CPU
		{D5565BCF-2847-47F2-BDF5-B94A3571F6AD}.Release|iPhone.Build.0 = Release|Any CPU
		{D5565BCF-2847-47F2-BDF5-B94A3571F6AD}.Release|iPhone.Deploy.0 = Release|Any CPU
		{D5565BCF-2847-47F2-BDF5-B94A3571F6AD}.Release|iPhoneSimulator.ActiveCfg = Release|Any CPU
		{D5565BCF-2847-47F2-BDF5-B94A3571F6AD}.Release|iPhoneSimulator.Build.0 = Release|Any CPU
		{D5565BCF-2847-47F2-BDF5-B94A3571F6AD}.Release|iPhoneSimulator.Deploy.0 = Release|Any CPU
		{D5565BCF-2847-47F2-BDF5-B94A3571F6AD}.Release|x64.ActiveCfg = Release|Any CPU
		{D5565BCF-2847-47F2-BDF5-B94A3571F6AD}.Release|x64.Build.0 = Release|Any CPU
		{D5565BCF-2847-47F2-BDF5-B94A3571F6AD}.Release|x64.Deploy.0 = Release|Any CPU
		{D5565BCF-2847-47F2-BDF5-B94A3571F6AD}.Release|x86.ActiveCfg = Release|Any CPU
		{D5565BCF-2847-47F2-BDF5-B94A3571F6AD}.Release|x86.Build.0 = Release|Any CPU
		{D5565BCF-2847-47F2-BDF5-B94A3571F6AD}.Release|x86.Deploy.0 = Release|Any CPU
		{6E6373DC-4631-4B6A-9681-21380D61FDC5}.Debug|Any CPU.ActiveCfg = Debug|Any CPU
		{6E6373DC-4631-4B6A-9681-21380D61FDC5}.Debug|Any CPU.Build.0 = Debug|Any CPU
		{6E6373DC-4631-4B6A-9681-21380D61FDC5}.Debug|ARM.ActiveCfg = Debug|Any CPU
		{6E6373DC-4631-4B6A-9681-21380D61FDC5}.Debug|ARM.Build.0 = Debug|Any CPU
		{6E6373DC-4631-4B6A-9681-21380D61FDC5}.Debug|iPhone.ActiveCfg = Debug|Any CPU
		{6E6373DC-4631-4B6A-9681-21380D61FDC5}.Debug|iPhone.Build.0 = Debug|Any CPU
		{6E6373DC-4631-4B6A-9681-21380D61FDC5}.Debug|iPhoneSimulator.ActiveCfg = Debug|Any CPU
		{6E6373DC-4631-4B6A-9681-21380D61FDC5}.Debug|iPhoneSimulator.Build.0 = Debug|Any CPU
		{6E6373DC-4631-4B6A-9681-21380D61FDC5}.Debug|x64.ActiveCfg = Debug|Any CPU
		{6E6373DC-4631-4B6A-9681-21380D61FDC5}.Debug|x64.Build.0 = Debug|Any CPU
		{6E6373DC-4631-4B6A-9681-21380D61FDC5}.Debug|x86.ActiveCfg = Debug|Any CPU
		{6E6373DC-4631-4B6A-9681-21380D61FDC5}.Debug|x86.Build.0 = Debug|Any CPU
		{6E6373DC-4631-4B6A-9681-21380D61FDC5}.Release|Any CPU.ActiveCfg = Release|Any CPU
		{6E6373DC-4631-4B6A-9681-21380D61FDC5}.Release|Any CPU.Build.0 = Release|Any CPU
		{6E6373DC-4631-4B6A-9681-21380D61FDC5}.Release|ARM.ActiveCfg = Release|Any CPU
		{6E6373DC-4631-4B6A-9681-21380D61FDC5}.Release|ARM.Build.0 = Release|Any CPU
		{6E6373DC-4631-4B6A-9681-21380D61FDC5}.Release|iPhone.ActiveCfg = Release|Any CPU
		{6E6373DC-4631-4B6A-9681-21380D61FDC5}.Release|iPhone.Build.0 = Release|Any CPU
		{6E6373DC-4631-4B6A-9681-21380D61FDC5}.Release|iPhoneSimulator.ActiveCfg = Release|Any CPU
		{6E6373DC-4631-4B6A-9681-21380D61FDC5}.Release|iPhoneSimulator.Build.0 = Release|Any CPU
		{6E6373DC-4631-4B6A-9681-21380D61FDC5}.Release|x64.ActiveCfg = Release|Any CPU
		{6E6373DC-4631-4B6A-9681-21380D61FDC5}.Release|x64.Build.0 = Release|Any CPU
		{6E6373DC-4631-4B6A-9681-21380D61FDC5}.Release|x86.ActiveCfg = Release|Any CPU
		{6E6373DC-4631-4B6A-9681-21380D61FDC5}.Release|x86.Build.0 = Release|Any CPU
		{328EFF52-B793-4829-B4CF-6E32D20B9EEF}.Debug|Any CPU.ActiveCfg = Debug|Any CPU
		{328EFF52-B793-4829-B4CF-6E32D20B9EEF}.Debug|Any CPU.Build.0 = Debug|Any CPU
		{328EFF52-B793-4829-B4CF-6E32D20B9EEF}.Debug|ARM.ActiveCfg = Debug|Any CPU
		{328EFF52-B793-4829-B4CF-6E32D20B9EEF}.Debug|ARM.Build.0 = Debug|Any CPU
		{328EFF52-B793-4829-B4CF-6E32D20B9EEF}.Debug|iPhone.ActiveCfg = Debug|Any CPU
		{328EFF52-B793-4829-B4CF-6E32D20B9EEF}.Debug|iPhone.Build.0 = Debug|Any CPU
		{328EFF52-B793-4829-B4CF-6E32D20B9EEF}.Debug|iPhoneSimulator.ActiveCfg = Debug|Any CPU
		{328EFF52-B793-4829-B4CF-6E32D20B9EEF}.Debug|iPhoneSimulator.Build.0 = Debug|Any CPU
		{328EFF52-B793-4829-B4CF-6E32D20B9EEF}.Debug|x64.ActiveCfg = Debug|Any CPU
		{328EFF52-B793-4829-B4CF-6E32D20B9EEF}.Debug|x64.Build.0 = Debug|Any CPU
		{328EFF52-B793-4829-B4CF-6E32D20B9EEF}.Debug|x86.ActiveCfg = Debug|Any CPU
		{328EFF52-B793-4829-B4CF-6E32D20B9EEF}.Debug|x86.Build.0 = Debug|Any CPU
		{328EFF52-B793-4829-B4CF-6E32D20B9EEF}.Release|Any CPU.ActiveCfg = Release|Any CPU
		{328EFF52-B793-4829-B4CF-6E32D20B9EEF}.Release|Any CPU.Build.0 = Release|Any CPU
		{328EFF52-B793-4829-B4CF-6E32D20B9EEF}.Release|ARM.ActiveCfg = Release|Any CPU
		{328EFF52-B793-4829-B4CF-6E32D20B9EEF}.Release|ARM.Build.0 = Release|Any CPU
		{328EFF52-B793-4829-B4CF-6E32D20B9EEF}.Release|iPhone.ActiveCfg = Release|Any CPU
		{328EFF52-B793-4829-B4CF-6E32D20B9EEF}.Release|iPhone.Build.0 = Release|Any CPU
		{328EFF52-B793-4829-B4CF-6E32D20B9EEF}.Release|iPhoneSimulator.ActiveCfg = Release|Any CPU
		{328EFF52-B793-4829-B4CF-6E32D20B9EEF}.Release|iPhoneSimulator.Build.0 = Release|Any CPU
		{328EFF52-B793-4829-B4CF-6E32D20B9EEF}.Release|x64.ActiveCfg = Release|Any CPU
		{328EFF52-B793-4829-B4CF-6E32D20B9EEF}.Release|x64.Build.0 = Release|Any CPU
		{328EFF52-B793-4829-B4CF-6E32D20B9EEF}.Release|x86.ActiveCfg = Release|Any CPU
		{328EFF52-B793-4829-B4CF-6E32D20B9EEF}.Release|x86.Build.0 = Release|Any CPU
		{11B4FC18-00EF-4A2E-B905-6736F88B73F5}.Debug|Any CPU.ActiveCfg = Debug|Any CPU
		{11B4FC18-00EF-4A2E-B905-6736F88B73F5}.Debug|Any CPU.Build.0 = Debug|Any CPU
		{11B4FC18-00EF-4A2E-B905-6736F88B73F5}.Debug|ARM.ActiveCfg = Debug|Any CPU
		{11B4FC18-00EF-4A2E-B905-6736F88B73F5}.Debug|ARM.Build.0 = Debug|Any CPU
		{11B4FC18-00EF-4A2E-B905-6736F88B73F5}.Debug|iPhone.ActiveCfg = Debug|Any CPU
		{11B4FC18-00EF-4A2E-B905-6736F88B73F5}.Debug|iPhone.Build.0 = Debug|Any CPU
		{11B4FC18-00EF-4A2E-B905-6736F88B73F5}.Debug|iPhoneSimulator.ActiveCfg = Debug|Any CPU
		{11B4FC18-00EF-4A2E-B905-6736F88B73F5}.Debug|iPhoneSimulator.Build.0 = Debug|Any CPU
		{11B4FC18-00EF-4A2E-B905-6736F88B73F5}.Debug|x64.ActiveCfg = Debug|Any CPU
		{11B4FC18-00EF-4A2E-B905-6736F88B73F5}.Debug|x64.Build.0 = Debug|Any CPU
		{11B4FC18-00EF-4A2E-B905-6736F88B73F5}.Debug|x86.ActiveCfg = Debug|Any CPU
		{11B4FC18-00EF-4A2E-B905-6736F88B73F5}.Debug|x86.Build.0 = Debug|Any CPU
		{11B4FC18-00EF-4A2E-B905-6736F88B73F5}.Release|Any CPU.ActiveCfg = Release|Any CPU
		{11B4FC18-00EF-4A2E-B905-6736F88B73F5}.Release|Any CPU.Build.0 = Release|Any CPU
		{11B4FC18-00EF-4A2E-B905-6736F88B73F5}.Release|ARM.ActiveCfg = Release|Any CPU
		{11B4FC18-00EF-4A2E-B905-6736F88B73F5}.Release|ARM.Build.0 = Release|Any CPU
		{11B4FC18-00EF-4A2E-B905-6736F88B73F5}.Release|iPhone.ActiveCfg = Release|Any CPU
		{11B4FC18-00EF-4A2E-B905-6736F88B73F5}.Release|iPhone.Build.0 = Release|Any CPU
		{11B4FC18-00EF-4A2E-B905-6736F88B73F5}.Release|iPhoneSimulator.ActiveCfg = Release|Any CPU
		{11B4FC18-00EF-4A2E-B905-6736F88B73F5}.Release|iPhoneSimulator.Build.0 = Release|Any CPU
		{11B4FC18-00EF-4A2E-B905-6736F88B73F5}.Release|x64.ActiveCfg = Release|Any CPU
		{11B4FC18-00EF-4A2E-B905-6736F88B73F5}.Release|x64.Build.0 = Release|Any CPU
		{11B4FC18-00EF-4A2E-B905-6736F88B73F5}.Release|x86.ActiveCfg = Release|Any CPU
		{11B4FC18-00EF-4A2E-B905-6736F88B73F5}.Release|x86.Build.0 = Release|Any CPU
		{75AA8F2B-1067-4ED8-93EF-A179CEE37B03}.Debug|Any CPU.ActiveCfg = Debug|Any CPU
		{75AA8F2B-1067-4ED8-93EF-A179CEE37B03}.Debug|Any CPU.Build.0 = Debug|Any CPU
		{75AA8F2B-1067-4ED8-93EF-A179CEE37B03}.Debug|ARM.ActiveCfg = Debug|Any CPU
		{75AA8F2B-1067-4ED8-93EF-A179CEE37B03}.Debug|ARM.Build.0 = Debug|Any CPU
		{75AA8F2B-1067-4ED8-93EF-A179CEE37B03}.Debug|iPhone.ActiveCfg = Debug|Any CPU
		{75AA8F2B-1067-4ED8-93EF-A179CEE37B03}.Debug|iPhone.Build.0 = Debug|Any CPU
		{75AA8F2B-1067-4ED8-93EF-A179CEE37B03}.Debug|iPhoneSimulator.ActiveCfg = Debug|Any CPU
		{75AA8F2B-1067-4ED8-93EF-A179CEE37B03}.Debug|iPhoneSimulator.Build.0 = Debug|Any CPU
		{75AA8F2B-1067-4ED8-93EF-A179CEE37B03}.Debug|x64.ActiveCfg = Debug|Any CPU
		{75AA8F2B-1067-4ED8-93EF-A179CEE37B03}.Debug|x64.Build.0 = Debug|Any CPU
		{75AA8F2B-1067-4ED8-93EF-A179CEE37B03}.Debug|x86.ActiveCfg = Debug|Any CPU
		{75AA8F2B-1067-4ED8-93EF-A179CEE37B03}.Debug|x86.Build.0 = Debug|Any CPU
		{75AA8F2B-1067-4ED8-93EF-A179CEE37B03}.Release|Any CPU.ActiveCfg = Release|Any CPU
		{75AA8F2B-1067-4ED8-93EF-A179CEE37B03}.Release|Any CPU.Build.0 = Release|Any CPU
		{75AA8F2B-1067-4ED8-93EF-A179CEE37B03}.Release|ARM.ActiveCfg = Release|Any CPU
		{75AA8F2B-1067-4ED8-93EF-A179CEE37B03}.Release|ARM.Build.0 = Release|Any CPU
		{75AA8F2B-1067-4ED8-93EF-A179CEE37B03}.Release|iPhone.ActiveCfg = Release|Any CPU
		{75AA8F2B-1067-4ED8-93EF-A179CEE37B03}.Release|iPhone.Build.0 = Release|Any CPU
		{75AA8F2B-1067-4ED8-93EF-A179CEE37B03}.Release|iPhoneSimulator.ActiveCfg = Release|Any CPU
		{75AA8F2B-1067-4ED8-93EF-A179CEE37B03}.Release|iPhoneSimulator.Build.0 = Release|Any CPU
		{75AA8F2B-1067-4ED8-93EF-A179CEE37B03}.Release|x64.ActiveCfg = Release|Any CPU
		{75AA8F2B-1067-4ED8-93EF-A179CEE37B03}.Release|x64.Build.0 = Release|Any CPU
		{75AA8F2B-1067-4ED8-93EF-A179CEE37B03}.Release|x86.ActiveCfg = Release|Any CPU
		{75AA8F2B-1067-4ED8-93EF-A179CEE37B03}.Release|x86.Build.0 = Release|Any CPU
		{FFC933EE-CB3F-48B9-A62E-C0876444E37D}.Debug|Any CPU.ActiveCfg = Debug|Any CPU
		{FFC933EE-CB3F-48B9-A62E-C0876444E37D}.Debug|Any CPU.Build.0 = Debug|Any CPU
		{FFC933EE-CB3F-48B9-A62E-C0876444E37D}.Debug|ARM.ActiveCfg = Debug|Any CPU
		{FFC933EE-CB3F-48B9-A62E-C0876444E37D}.Debug|ARM.Build.0 = Debug|Any CPU
		{FFC933EE-CB3F-48B9-A62E-C0876444E37D}.Debug|iPhone.ActiveCfg = Debug|Any CPU
		{FFC933EE-CB3F-48B9-A62E-C0876444E37D}.Debug|iPhone.Build.0 = Debug|Any CPU
		{FFC933EE-CB3F-48B9-A62E-C0876444E37D}.Debug|iPhoneSimulator.ActiveCfg = Debug|Any CPU
		{FFC933EE-CB3F-48B9-A62E-C0876444E37D}.Debug|iPhoneSimulator.Build.0 = Debug|Any CPU
		{FFC933EE-CB3F-48B9-A62E-C0876444E37D}.Debug|x64.ActiveCfg = Debug|Any CPU
		{FFC933EE-CB3F-48B9-A62E-C0876444E37D}.Debug|x64.Build.0 = Debug|Any CPU
		{FFC933EE-CB3F-48B9-A62E-C0876444E37D}.Debug|x86.ActiveCfg = Debug|Any CPU
		{FFC933EE-CB3F-48B9-A62E-C0876444E37D}.Debug|x86.Build.0 = Debug|Any CPU
		{FFC933EE-CB3F-48B9-A62E-C0876444E37D}.Release|Any CPU.ActiveCfg = Release|Any CPU
		{FFC933EE-CB3F-48B9-A62E-C0876444E37D}.Release|Any CPU.Build.0 = Release|Any CPU
		{FFC933EE-CB3F-48B9-A62E-C0876444E37D}.Release|ARM.ActiveCfg = Release|Any CPU
		{FFC933EE-CB3F-48B9-A62E-C0876444E37D}.Release|ARM.Build.0 = Release|Any CPU
		{FFC933EE-CB3F-48B9-A62E-C0876444E37D}.Release|iPhone.ActiveCfg = Release|Any CPU
		{FFC933EE-CB3F-48B9-A62E-C0876444E37D}.Release|iPhone.Build.0 = Release|Any CPU
		{FFC933EE-CB3F-48B9-A62E-C0876444E37D}.Release|iPhoneSimulator.ActiveCfg = Release|Any CPU
		{FFC933EE-CB3F-48B9-A62E-C0876444E37D}.Release|iPhoneSimulator.Build.0 = Release|Any CPU
		{FFC933EE-CB3F-48B9-A62E-C0876444E37D}.Release|x64.ActiveCfg = Release|Any CPU
		{FFC933EE-CB3F-48B9-A62E-C0876444E37D}.Release|x64.Build.0 = Release|Any CPU
		{FFC933EE-CB3F-48B9-A62E-C0876444E37D}.Release|x86.ActiveCfg = Release|Any CPU
		{FFC933EE-CB3F-48B9-A62E-C0876444E37D}.Release|x86.Build.0 = Release|Any CPU
		{9A57FB5E-A613-4AF9-B7B0-217F8CBFE46E}.Debug|Any CPU.ActiveCfg = Debug|Any CPU
		{9A57FB5E-A613-4AF9-B7B0-217F8CBFE46E}.Debug|Any CPU.Build.0 = Debug|Any CPU
		{9A57FB5E-A613-4AF9-B7B0-217F8CBFE46E}.Debug|ARM.ActiveCfg = Debug|Any CPU
		{9A57FB5E-A613-4AF9-B7B0-217F8CBFE46E}.Debug|ARM.Build.0 = Debug|Any CPU
		{9A57FB5E-A613-4AF9-B7B0-217F8CBFE46E}.Debug|iPhone.ActiveCfg = Debug|Any CPU
		{9A57FB5E-A613-4AF9-B7B0-217F8CBFE46E}.Debug|iPhone.Build.0 = Debug|Any CPU
		{9A57FB5E-A613-4AF9-B7B0-217F8CBFE46E}.Debug|iPhoneSimulator.ActiveCfg = Debug|Any CPU
		{9A57FB5E-A613-4AF9-B7B0-217F8CBFE46E}.Debug|iPhoneSimulator.Build.0 = Debug|Any CPU
		{9A57FB5E-A613-4AF9-B7B0-217F8CBFE46E}.Debug|x64.ActiveCfg = Debug|Any CPU
		{9A57FB5E-A613-4AF9-B7B0-217F8CBFE46E}.Debug|x64.Build.0 = Debug|Any CPU
		{9A57FB5E-A613-4AF9-B7B0-217F8CBFE46E}.Debug|x86.ActiveCfg = Debug|Any CPU
		{9A57FB5E-A613-4AF9-B7B0-217F8CBFE46E}.Debug|x86.Build.0 = Debug|Any CPU
		{9A57FB5E-A613-4AF9-B7B0-217F8CBFE46E}.Release|Any CPU.ActiveCfg = Release|Any CPU
		{9A57FB5E-A613-4AF9-B7B0-217F8CBFE46E}.Release|Any CPU.Build.0 = Release|Any CPU
		{9A57FB5E-A613-4AF9-B7B0-217F8CBFE46E}.Release|ARM.ActiveCfg = Release|Any CPU
		{9A57FB5E-A613-4AF9-B7B0-217F8CBFE46E}.Release|ARM.Build.0 = Release|Any CPU
		{9A57FB5E-A613-4AF9-B7B0-217F8CBFE46E}.Release|iPhone.ActiveCfg = Release|Any CPU
		{9A57FB5E-A613-4AF9-B7B0-217F8CBFE46E}.Release|iPhone.Build.0 = Release|Any CPU
		{9A57FB5E-A613-4AF9-B7B0-217F8CBFE46E}.Release|iPhoneSimulator.ActiveCfg = Release|Any CPU
		{9A57FB5E-A613-4AF9-B7B0-217F8CBFE46E}.Release|iPhoneSimulator.Build.0 = Release|Any CPU
		{9A57FB5E-A613-4AF9-B7B0-217F8CBFE46E}.Release|x64.ActiveCfg = Release|Any CPU
		{9A57FB5E-A613-4AF9-B7B0-217F8CBFE46E}.Release|x64.Build.0 = Release|Any CPU
		{9A57FB5E-A613-4AF9-B7B0-217F8CBFE46E}.Release|x86.ActiveCfg = Release|Any CPU
		{9A57FB5E-A613-4AF9-B7B0-217F8CBFE46E}.Release|x86.Build.0 = Release|Any CPU
		{AA1F3186-943F-4423-A2A5-1B56B5867819}.Debug|Any CPU.ActiveCfg = Debug|Any CPU
		{AA1F3186-943F-4423-A2A5-1B56B5867819}.Debug|Any CPU.Build.0 = Debug|Any CPU
		{AA1F3186-943F-4423-A2A5-1B56B5867819}.Debug|ARM.ActiveCfg = Debug|Any CPU
		{AA1F3186-943F-4423-A2A5-1B56B5867819}.Debug|ARM.Build.0 = Debug|Any CPU
		{AA1F3186-943F-4423-A2A5-1B56B5867819}.Debug|iPhone.ActiveCfg = Debug|Any CPU
		{AA1F3186-943F-4423-A2A5-1B56B5867819}.Debug|iPhone.Build.0 = Debug|Any CPU
		{AA1F3186-943F-4423-A2A5-1B56B5867819}.Debug|iPhoneSimulator.ActiveCfg = Debug|Any CPU
		{AA1F3186-943F-4423-A2A5-1B56B5867819}.Debug|iPhoneSimulator.Build.0 = Debug|Any CPU
		{AA1F3186-943F-4423-A2A5-1B56B5867819}.Debug|x64.ActiveCfg = Debug|Any CPU
		{AA1F3186-943F-4423-A2A5-1B56B5867819}.Debug|x64.Build.0 = Debug|Any CPU
		{AA1F3186-943F-4423-A2A5-1B56B5867819}.Debug|x86.ActiveCfg = Debug|Any CPU
		{AA1F3186-943F-4423-A2A5-1B56B5867819}.Debug|x86.Build.0 = Debug|Any CPU
		{AA1F3186-943F-4423-A2A5-1B56B5867819}.Release|Any CPU.ActiveCfg = Release|Any CPU
		{AA1F3186-943F-4423-A2A5-1B56B5867819}.Release|Any CPU.Build.0 = Release|Any CPU
		{AA1F3186-943F-4423-A2A5-1B56B5867819}.Release|ARM.ActiveCfg = Release|Any CPU
		{AA1F3186-943F-4423-A2A5-1B56B5867819}.Release|ARM.Build.0 = Release|Any CPU
		{AA1F3186-943F-4423-A2A5-1B56B5867819}.Release|iPhone.ActiveCfg = Release|Any CPU
		{AA1F3186-943F-4423-A2A5-1B56B5867819}.Release|iPhone.Build.0 = Release|Any CPU
		{AA1F3186-943F-4423-A2A5-1B56B5867819}.Release|iPhoneSimulator.ActiveCfg = Release|Any CPU
		{AA1F3186-943F-4423-A2A5-1B56B5867819}.Release|iPhoneSimulator.Build.0 = Release|Any CPU
		{AA1F3186-943F-4423-A2A5-1B56B5867819}.Release|x64.ActiveCfg = Release|Any CPU
		{AA1F3186-943F-4423-A2A5-1B56B5867819}.Release|x64.Build.0 = Release|Any CPU
		{AA1F3186-943F-4423-A2A5-1B56B5867819}.Release|x86.ActiveCfg = Release|Any CPU
		{AA1F3186-943F-4423-A2A5-1B56B5867819}.Release|x86.Build.0 = Release|Any CPU
		{D36747E7-FE5B-40BF-A2CA-04BA4C05313A}.Debug|Any CPU.ActiveCfg = Debug|Any CPU
		{D36747E7-FE5B-40BF-A2CA-04BA4C05313A}.Debug|Any CPU.Build.0 = Debug|Any CPU
		{D36747E7-FE5B-40BF-A2CA-04BA4C05313A}.Debug|ARM.ActiveCfg = Debug|Any CPU
		{D36747E7-FE5B-40BF-A2CA-04BA4C05313A}.Debug|ARM.Build.0 = Debug|Any CPU
		{D36747E7-FE5B-40BF-A2CA-04BA4C05313A}.Debug|iPhone.ActiveCfg = Debug|Any CPU
		{D36747E7-FE5B-40BF-A2CA-04BA4C05313A}.Debug|iPhone.Build.0 = Debug|Any CPU
		{D36747E7-FE5B-40BF-A2CA-04BA4C05313A}.Debug|iPhoneSimulator.ActiveCfg = Debug|Any CPU
		{D36747E7-FE5B-40BF-A2CA-04BA4C05313A}.Debug|iPhoneSimulator.Build.0 = Debug|Any CPU
		{D36747E7-FE5B-40BF-A2CA-04BA4C05313A}.Debug|x64.ActiveCfg = Debug|Any CPU
		{D36747E7-FE5B-40BF-A2CA-04BA4C05313A}.Debug|x64.Build.0 = Debug|Any CPU
		{D36747E7-FE5B-40BF-A2CA-04BA4C05313A}.Debug|x86.ActiveCfg = Debug|Any CPU
		{D36747E7-FE5B-40BF-A2CA-04BA4C05313A}.Debug|x86.Build.0 = Debug|Any CPU
		{D36747E7-FE5B-40BF-A2CA-04BA4C05313A}.Release|Any CPU.ActiveCfg = Release|Any CPU
		{D36747E7-FE5B-40BF-A2CA-04BA4C05313A}.Release|Any CPU.Build.0 = Release|Any CPU
		{D36747E7-FE5B-40BF-A2CA-04BA4C05313A}.Release|ARM.ActiveCfg = Release|Any CPU
		{D36747E7-FE5B-40BF-A2CA-04BA4C05313A}.Release|ARM.Build.0 = Release|Any CPU
		{D36747E7-FE5B-40BF-A2CA-04BA4C05313A}.Release|iPhone.ActiveCfg = Release|Any CPU
		{D36747E7-FE5B-40BF-A2CA-04BA4C05313A}.Release|iPhone.Build.0 = Release|Any CPU
		{D36747E7-FE5B-40BF-A2CA-04BA4C05313A}.Release|iPhoneSimulator.ActiveCfg = Release|Any CPU
		{D36747E7-FE5B-40BF-A2CA-04BA4C05313A}.Release|iPhoneSimulator.Build.0 = Release|Any CPU
		{D36747E7-FE5B-40BF-A2CA-04BA4C05313A}.Release|x64.ActiveCfg = Release|Any CPU
		{D36747E7-FE5B-40BF-A2CA-04BA4C05313A}.Release|x64.Build.0 = Release|Any CPU
		{D36747E7-FE5B-40BF-A2CA-04BA4C05313A}.Release|x86.ActiveCfg = Release|Any CPU
		{D36747E7-FE5B-40BF-A2CA-04BA4C05313A}.Release|x86.Build.0 = Release|Any CPU
		{94B575C9-557D-4771-BF27-1DC6C87E920F}.Debug|Any CPU.ActiveCfg = Debug|Any CPU
		{94B575C9-557D-4771-BF27-1DC6C87E920F}.Debug|Any CPU.Build.0 = Debug|Any CPU
		{94B575C9-557D-4771-BF27-1DC6C87E920F}.Debug|ARM.ActiveCfg = Debug|Any CPU
		{94B575C9-557D-4771-BF27-1DC6C87E920F}.Debug|ARM.Build.0 = Debug|Any CPU
		{94B575C9-557D-4771-BF27-1DC6C87E920F}.Debug|iPhone.ActiveCfg = Debug|Any CPU
		{94B575C9-557D-4771-BF27-1DC6C87E920F}.Debug|iPhone.Build.0 = Debug|Any CPU
		{94B575C9-557D-4771-BF27-1DC6C87E920F}.Debug|iPhoneSimulator.ActiveCfg = Debug|Any CPU
		{94B575C9-557D-4771-BF27-1DC6C87E920F}.Debug|iPhoneSimulator.Build.0 = Debug|Any CPU
		{94B575C9-557D-4771-BF27-1DC6C87E920F}.Debug|x64.ActiveCfg = Debug|Any CPU
		{94B575C9-557D-4771-BF27-1DC6C87E920F}.Debug|x64.Build.0 = Debug|Any CPU
		{94B575C9-557D-4771-BF27-1DC6C87E920F}.Debug|x86.ActiveCfg = Debug|Any CPU
		{94B575C9-557D-4771-BF27-1DC6C87E920F}.Debug|x86.Build.0 = Debug|Any CPU
		{94B575C9-557D-4771-BF27-1DC6C87E920F}.Release|Any CPU.ActiveCfg = Release|Any CPU
		{94B575C9-557D-4771-BF27-1DC6C87E920F}.Release|Any CPU.Build.0 = Release|Any CPU
		{94B575C9-557D-4771-BF27-1DC6C87E920F}.Release|ARM.ActiveCfg = Release|Any CPU
		{94B575C9-557D-4771-BF27-1DC6C87E920F}.Release|ARM.Build.0 = Release|Any CPU
		{94B575C9-557D-4771-BF27-1DC6C87E920F}.Release|iPhone.ActiveCfg = Release|Any CPU
		{94B575C9-557D-4771-BF27-1DC6C87E920F}.Release|iPhone.Build.0 = Release|Any CPU
		{94B575C9-557D-4771-BF27-1DC6C87E920F}.Release|iPhoneSimulator.ActiveCfg = Release|Any CPU
		{94B575C9-557D-4771-BF27-1DC6C87E920F}.Release|iPhoneSimulator.Build.0 = Release|Any CPU
		{94B575C9-557D-4771-BF27-1DC6C87E920F}.Release|x64.ActiveCfg = Release|Any CPU
		{94B575C9-557D-4771-BF27-1DC6C87E920F}.Release|x64.Build.0 = Release|Any CPU
		{94B575C9-557D-4771-BF27-1DC6C87E920F}.Release|x86.ActiveCfg = Release|Any CPU
		{94B575C9-557D-4771-BF27-1DC6C87E920F}.Release|x86.Build.0 = Release|Any CPU
		{339FF665-2CAA-4B1F-89DE-5F45B89F9989}.Debug|Any CPU.ActiveCfg = Debug|Any CPU
		{339FF665-2CAA-4B1F-89DE-5F45B89F9989}.Debug|Any CPU.Build.0 = Debug|Any CPU
		{339FF665-2CAA-4B1F-89DE-5F45B89F9989}.Debug|ARM.ActiveCfg = Debug|Any CPU
		{339FF665-2CAA-4B1F-89DE-5F45B89F9989}.Debug|ARM.Build.0 = Debug|Any CPU
		{339FF665-2CAA-4B1F-89DE-5F45B89F9989}.Debug|iPhone.ActiveCfg = Debug|Any CPU
		{339FF665-2CAA-4B1F-89DE-5F45B89F9989}.Debug|iPhone.Build.0 = Debug|Any CPU
		{339FF665-2CAA-4B1F-89DE-5F45B89F9989}.Debug|iPhoneSimulator.ActiveCfg = Debug|Any CPU
		{339FF665-2CAA-4B1F-89DE-5F45B89F9989}.Debug|iPhoneSimulator.Build.0 = Debug|Any CPU
		{339FF665-2CAA-4B1F-89DE-5F45B89F9989}.Debug|x64.ActiveCfg = Debug|Any CPU
		{339FF665-2CAA-4B1F-89DE-5F45B89F9989}.Debug|x64.Build.0 = Debug|Any CPU
		{339FF665-2CAA-4B1F-89DE-5F45B89F9989}.Debug|x86.ActiveCfg = Debug|Any CPU
		{339FF665-2CAA-4B1F-89DE-5F45B89F9989}.Debug|x86.Build.0 = Debug|Any CPU
		{339FF665-2CAA-4B1F-89DE-5F45B89F9989}.Release|Any CPU.ActiveCfg = Release|Any CPU
		{339FF665-2CAA-4B1F-89DE-5F45B89F9989}.Release|Any CPU.Build.0 = Release|Any CPU
		{339FF665-2CAA-4B1F-89DE-5F45B89F9989}.Release|ARM.ActiveCfg = Release|Any CPU
		{339FF665-2CAA-4B1F-89DE-5F45B89F9989}.Release|ARM.Build.0 = Release|Any CPU
		{339FF665-2CAA-4B1F-89DE-5F45B89F9989}.Release|iPhone.ActiveCfg = Release|Any CPU
		{339FF665-2CAA-4B1F-89DE-5F45B89F9989}.Release|iPhone.Build.0 = Release|Any CPU
		{339FF665-2CAA-4B1F-89DE-5F45B89F9989}.Release|iPhoneSimulator.ActiveCfg = Release|Any CPU
		{339FF665-2CAA-4B1F-89DE-5F45B89F9989}.Release|iPhoneSimulator.Build.0 = Release|Any CPU
		{339FF665-2CAA-4B1F-89DE-5F45B89F9989}.Release|x64.ActiveCfg = Release|Any CPU
		{339FF665-2CAA-4B1F-89DE-5F45B89F9989}.Release|x64.Build.0 = Release|Any CPU
		{339FF665-2CAA-4B1F-89DE-5F45B89F9989}.Release|x86.ActiveCfg = Release|Any CPU
		{339FF665-2CAA-4B1F-89DE-5F45B89F9989}.Release|x86.Build.0 = Release|Any CPU
		{746F51D4-27EF-4153-ACE8-8BB788DD734B}.Debug|Any CPU.ActiveCfg = Debug|Any CPU
		{746F51D4-27EF-4153-ACE8-8BB788DD734B}.Debug|Any CPU.Build.0 = Debug|Any CPU
		{746F51D4-27EF-4153-ACE8-8BB788DD734B}.Debug|ARM.ActiveCfg = Debug|Any CPU
		{746F51D4-27EF-4153-ACE8-8BB788DD734B}.Debug|ARM.Build.0 = Debug|Any CPU
		{746F51D4-27EF-4153-ACE8-8BB788DD734B}.Debug|iPhone.ActiveCfg = Debug|Any CPU
		{746F51D4-27EF-4153-ACE8-8BB788DD734B}.Debug|iPhone.Build.0 = Debug|Any CPU
		{746F51D4-27EF-4153-ACE8-8BB788DD734B}.Debug|iPhoneSimulator.ActiveCfg = Debug|Any CPU
		{746F51D4-27EF-4153-ACE8-8BB788DD734B}.Debug|iPhoneSimulator.Build.0 = Debug|Any CPU
		{746F51D4-27EF-4153-ACE8-8BB788DD734B}.Debug|x64.ActiveCfg = Debug|Any CPU
		{746F51D4-27EF-4153-ACE8-8BB788DD734B}.Debug|x64.Build.0 = Debug|Any CPU
		{746F51D4-27EF-4153-ACE8-8BB788DD734B}.Debug|x86.ActiveCfg = Debug|Any CPU
		{746F51D4-27EF-4153-ACE8-8BB788DD734B}.Debug|x86.Build.0 = Debug|Any CPU
		{746F51D4-27EF-4153-ACE8-8BB788DD734B}.Release|Any CPU.ActiveCfg = Release|Any CPU
		{746F51D4-27EF-4153-ACE8-8BB788DD734B}.Release|Any CPU.Build.0 = Release|Any CPU
		{746F51D4-27EF-4153-ACE8-8BB788DD734B}.Release|ARM.ActiveCfg = Release|Any CPU
		{746F51D4-27EF-4153-ACE8-8BB788DD734B}.Release|ARM.Build.0 = Release|Any CPU
		{746F51D4-27EF-4153-ACE8-8BB788DD734B}.Release|iPhone.ActiveCfg = Release|Any CPU
		{746F51D4-27EF-4153-ACE8-8BB788DD734B}.Release|iPhone.Build.0 = Release|Any CPU
		{746F51D4-27EF-4153-ACE8-8BB788DD734B}.Release|iPhoneSimulator.ActiveCfg = Release|Any CPU
		{746F51D4-27EF-4153-ACE8-8BB788DD734B}.Release|iPhoneSimulator.Build.0 = Release|Any CPU
		{746F51D4-27EF-4153-ACE8-8BB788DD734B}.Release|x64.ActiveCfg = Release|Any CPU
		{746F51D4-27EF-4153-ACE8-8BB788DD734B}.Release|x64.Build.0 = Release|Any CPU
		{746F51D4-27EF-4153-ACE8-8BB788DD734B}.Release|x86.ActiveCfg = Release|Any CPU
		{746F51D4-27EF-4153-ACE8-8BB788DD734B}.Release|x86.Build.0 = Release|Any CPU
		{39CAC3AB-C24A-4693-8B2F-52033A0EC998}.Debug|Any CPU.ActiveCfg = Debug|Any CPU
		{39CAC3AB-C24A-4693-8B2F-52033A0EC998}.Debug|Any CPU.Build.0 = Debug|Any CPU
		{39CAC3AB-C24A-4693-8B2F-52033A0EC998}.Debug|ARM.ActiveCfg = Debug|Any CPU
		{39CAC3AB-C24A-4693-8B2F-52033A0EC998}.Debug|ARM.Build.0 = Debug|Any CPU
		{39CAC3AB-C24A-4693-8B2F-52033A0EC998}.Debug|iPhone.ActiveCfg = Debug|Any CPU
		{39CAC3AB-C24A-4693-8B2F-52033A0EC998}.Debug|iPhone.Build.0 = Debug|Any CPU
		{39CAC3AB-C24A-4693-8B2F-52033A0EC998}.Debug|iPhoneSimulator.ActiveCfg = Debug|Any CPU
		{39CAC3AB-C24A-4693-8B2F-52033A0EC998}.Debug|iPhoneSimulator.Build.0 = Debug|Any CPU
		{39CAC3AB-C24A-4693-8B2F-52033A0EC998}.Debug|x64.ActiveCfg = Debug|Any CPU
		{39CAC3AB-C24A-4693-8B2F-52033A0EC998}.Debug|x64.Build.0 = Debug|Any CPU
		{39CAC3AB-C24A-4693-8B2F-52033A0EC998}.Debug|x86.ActiveCfg = Debug|Any CPU
		{39CAC3AB-C24A-4693-8B2F-52033A0EC998}.Debug|x86.Build.0 = Debug|Any CPU
		{39CAC3AB-C24A-4693-8B2F-52033A0EC998}.Release|Any CPU.ActiveCfg = Release|Any CPU
		{39CAC3AB-C24A-4693-8B2F-52033A0EC998}.Release|Any CPU.Build.0 = Release|Any CPU
		{39CAC3AB-C24A-4693-8B2F-52033A0EC998}.Release|ARM.ActiveCfg = Release|Any CPU
		{39CAC3AB-C24A-4693-8B2F-52033A0EC998}.Release|ARM.Build.0 = Release|Any CPU
		{39CAC3AB-C24A-4693-8B2F-52033A0EC998}.Release|iPhone.ActiveCfg = Release|Any CPU
		{39CAC3AB-C24A-4693-8B2F-52033A0EC998}.Release|iPhone.Build.0 = Release|Any CPU
		{39CAC3AB-C24A-4693-8B2F-52033A0EC998}.Release|iPhoneSimulator.ActiveCfg = Release|Any CPU
		{39CAC3AB-C24A-4693-8B2F-52033A0EC998}.Release|iPhoneSimulator.Build.0 = Release|Any CPU
		{39CAC3AB-C24A-4693-8B2F-52033A0EC998}.Release|x64.ActiveCfg = Release|Any CPU
		{39CAC3AB-C24A-4693-8B2F-52033A0EC998}.Release|x64.Build.0 = Release|Any CPU
		{39CAC3AB-C24A-4693-8B2F-52033A0EC998}.Release|x86.ActiveCfg = Release|Any CPU
		{39CAC3AB-C24A-4693-8B2F-52033A0EC998}.Release|x86.Build.0 = Release|Any CPU
		{FDDBD72B-27C6-4C53-8AB1-77EF44581DB0}.Debug|Any CPU.ActiveCfg = Debug|Any CPU
		{FDDBD72B-27C6-4C53-8AB1-77EF44581DB0}.Debug|Any CPU.Build.0 = Debug|Any CPU
		{FDDBD72B-27C6-4C53-8AB1-77EF44581DB0}.Debug|ARM.ActiveCfg = Debug|Any CPU
		{FDDBD72B-27C6-4C53-8AB1-77EF44581DB0}.Debug|ARM.Build.0 = Debug|Any CPU
		{FDDBD72B-27C6-4C53-8AB1-77EF44581DB0}.Debug|iPhone.ActiveCfg = Debug|Any CPU
		{FDDBD72B-27C6-4C53-8AB1-77EF44581DB0}.Debug|iPhone.Build.0 = Debug|Any CPU
		{FDDBD72B-27C6-4C53-8AB1-77EF44581DB0}.Debug|iPhoneSimulator.ActiveCfg = Debug|Any CPU
		{FDDBD72B-27C6-4C53-8AB1-77EF44581DB0}.Debug|iPhoneSimulator.Build.0 = Debug|Any CPU
		{FDDBD72B-27C6-4C53-8AB1-77EF44581DB0}.Debug|x64.ActiveCfg = Debug|Any CPU
		{FDDBD72B-27C6-4C53-8AB1-77EF44581DB0}.Debug|x64.Build.0 = Debug|Any CPU
		{FDDBD72B-27C6-4C53-8AB1-77EF44581DB0}.Debug|x86.ActiveCfg = Debug|Any CPU
		{FDDBD72B-27C6-4C53-8AB1-77EF44581DB0}.Debug|x86.Build.0 = Debug|Any CPU
		{FDDBD72B-27C6-4C53-8AB1-77EF44581DB0}.Release|Any CPU.ActiveCfg = Release|Any CPU
		{FDDBD72B-27C6-4C53-8AB1-77EF44581DB0}.Release|Any CPU.Build.0 = Release|Any CPU
		{FDDBD72B-27C6-4C53-8AB1-77EF44581DB0}.Release|ARM.ActiveCfg = Release|Any CPU
		{FDDBD72B-27C6-4C53-8AB1-77EF44581DB0}.Release|ARM.Build.0 = Release|Any CPU
		{FDDBD72B-27C6-4C53-8AB1-77EF44581DB0}.Release|iPhone.ActiveCfg = Release|Any CPU
		{FDDBD72B-27C6-4C53-8AB1-77EF44581DB0}.Release|iPhone.Build.0 = Release|Any CPU
		{FDDBD72B-27C6-4C53-8AB1-77EF44581DB0}.Release|iPhoneSimulator.ActiveCfg = Release|Any CPU
		{FDDBD72B-27C6-4C53-8AB1-77EF44581DB0}.Release|iPhoneSimulator.Build.0 = Release|Any CPU
		{FDDBD72B-27C6-4C53-8AB1-77EF44581DB0}.Release|x64.ActiveCfg = Release|Any CPU
		{FDDBD72B-27C6-4C53-8AB1-77EF44581DB0}.Release|x64.Build.0 = Release|Any CPU
		{FDDBD72B-27C6-4C53-8AB1-77EF44581DB0}.Release|x86.ActiveCfg = Release|Any CPU
		{FDDBD72B-27C6-4C53-8AB1-77EF44581DB0}.Release|x86.Build.0 = Release|Any CPU
	EndGlobalSection
	GlobalSection(SolutionProperties) = preSolution
		HideSolutionNode = FALSE
	EndGlobalSection
	GlobalSection(NestedProjects) = preSolution
		{6E6373DC-4631-4B6A-9681-21380D61FDC5} = {5B92F737-DB78-403C-856C-98DF3E23A733}
		{328EFF52-B793-4829-B4CF-6E32D20B9EEF} = {5B92F737-DB78-403C-856C-98DF3E23A733}
		{11B4FC18-00EF-4A2E-B905-6736F88B73F5} = {5B92F737-DB78-403C-856C-98DF3E23A733}
		{FFC933EE-CB3F-48B9-A62E-C0876444E37D} = {6F2F6C42-FD3B-4BA9-A4E1-A82D44D02AC0}
		{AA1F3186-943F-4423-A2A5-1B56B5867819} = {6F2F6C42-FD3B-4BA9-A4E1-A82D44D02AC0}
		{D36747E7-FE5B-40BF-A2CA-04BA4C05313A} = {5B92F737-DB78-403C-856C-98DF3E23A733}
		{94B575C9-557D-4771-BF27-1DC6C87E920F} = {5B92F737-DB78-403C-856C-98DF3E23A733}
		{339FF665-2CAA-4B1F-89DE-5F45B89F9989} = {5B92F737-DB78-403C-856C-98DF3E23A733}
		{746F51D4-27EF-4153-ACE8-8BB788DD734B} = {5B92F737-DB78-403C-856C-98DF3E23A733}
		{FDDBD72B-27C6-4C53-8AB1-77EF44581DB0} = {BC2EED4C-141F-47F4-9323-18CBBB135737}
	EndGlobalSection
	GlobalSection(ExtensibilityGlobals) = postSolution
		SolutionGuid = {36CBA3BF-BE09-4EB3-AB35-C7AE3271C20D}
	EndGlobalSection
	GlobalSection(TeamFoundationVersionControl) = preSolution
		SccNumberOfProjects = 18
		SccEnterpriseProvider = {4CA58AB2-18FA-4F8D-95D4-32DDF27D184C}
		SccTeamFoundationServer = http://192.168.2.19:8080/tfs/apiscollection
		SccLocalPath0 = .
		SccProjectUniqueName1 = SmeData.Mobile\\SmeData.Mobile.Android\\SmeData.Mobile.Android.csproj
		SccProjectName1 = SmeData.Mobile/SmeData.Mobile.Android
		SccLocalPath1 = SmeData.Mobile\\SmeData.Mobile.Android
		SccProjectUniqueName2 = SmeData.Mobile\\SmeData.Mobile.iOS\\SmeData.Mobile.iOS.csproj
		SccProjectName2 = SmeData.Mobile/SmeData.Mobile.iOS
		SccLocalPath2 = SmeData.Mobile\\SmeData.Mobile.iOS
		SccProjectUniqueName3 = SmeData.Mobile\\SmeData.Mobile.UWP\\SmeData.Mobile.UWP.csproj
		SccProjectName3 = SmeData.Mobile/SmeData.Mobile.UWP
		SccLocalPath3 = SmeData.Mobile\\SmeData.Mobile.UWP
		SccProjectUniqueName4 = SmeData.Mobile\\SmeData.Mobile\\SmeData.Mobile.csproj
		SccProjectName4 = SmeData.Mobile/SmeData.Mobile
		SccLocalPath4 = SmeData.Mobile\\SmeData.Mobile
		SccProjectUniqueName5 = SmeData.WebApi.Data\\SmeData.WebApi.Data.csproj
		SccProjectTopLevelParentUniqueName5 = SmeData.sln
		SccProjectName5 = SmeData.WebApi.Data
		SccLocalPath5 = SmeData.WebApi.Data
		SccProjectUniqueName6 = SmeData.WebApi.Models\\SmeData.WebApi.Models.csproj
		SccProjectTopLevelParentUniqueName6 = SmeData.sln
		SccProjectName6 = SmeData.WebApi.Models
		SccLocalPath6 = SmeData.WebApi.Models
		SccProjectUniqueName7 = SmeData.WebApi\\SmeData.WebApi.csproj
		SccProjectTopLevelParentUniqueName7 = SmeData.sln
		SccProjectName7 = SmeData.WebApi
		SccLocalPath7 = SmeData.WebApi
		SccProjectUniqueName8 = SmeData.Mobile.Data\\SmeData.Mobile.Data.csproj
		SccProjectName8 = SmeData.Mobile.Data
		SccLocalPath8 = SmeData.Mobile.Data
		SccProjectUniqueName9 = SmeData.DocConverter\\SmeData.DocConverter.csproj
		SccProjectName9 = SmeData.DocConverter
		SccLocalPath9 = SmeData.DocConverter
		SccProjectUniqueName10 = SmeData.SharedModels\\SmeData.SharedModels.csproj
		SccProjectTopLevelParentUniqueName10 = SmeData.sln
		SccProjectName10 = SmeData.SharedModels
		SccLocalPath10 = SmeData.SharedModels
		SccProjectUniqueName11 = Helper\\SmeData.Common.csproj
		SccProjectTopLevelParentUniqueName11 = SmeData.sln
		SccProjectName11 = Helper
		SccLocalPath11 = Helper
		SccProjectUniqueName12 = SmeData.WebApi.Services\\SmeData.WebApi.Services.csproj
		SccProjectTopLevelParentUniqueName12 = SmeData.sln
		SccProjectName12 = SmeData.WebApi.Services
		SccLocalPath12 = SmeData.WebApi.Services
		SccProjectUniqueName13 = SmeData.FTI.WebApi\\SmeData.FTI.WebApi.csproj
		SccProjectTopLevelParentUniqueName13 = SmeData.sln
		SccProjectName13 = SmeData.FTI.WebApi
		SccLocalPath13 = SmeData.FTI.WebApi
		SccProjectUniqueName14 = SmeData.FTI.WebApi.Tests\\SmeData.FTI.WebApi.Tests.csproj
		SccProjectTopLevelParentUniqueName14 = SmeData.sln
		SccProjectName14 = SmeData.FTI.WebApi.Tests
		SccLocalPath14 = SmeData.FTI.WebApi.Tests
		SccProjectUniqueName15 = SmeData.WebApi.Tests\\SmeData.WebApi.Tests.csproj
		SccProjectTopLevelParentUniqueName15 = SmeData.sln
		SccProjectName15 = SmeData.WebApi.Tests
		SccLocalPath15 = SmeData.WebApi.Tests
		SccProjectUniqueName16 = SmeData.Mobile.UITests\\SmeData.Mobile.UITests.csproj
		SccProjectName16 = SmeData.Mobile.UITests
		SccLocalPath16 = SmeData.Mobile.UITests
		SccProjectUniqueName17 = ToolsForDocumentsUpdate\\SmeData.ToolsForDocumentsUpdate.csproj
		SccProjectTopLevelParentUniqueName17 = SmeData.sln
		SccProjectName17 = ToolsForDocumentsUpdate
		SccLocalPath17 = ToolsForDocumentsUpdate
	EndGlobalSection
EndGlobal
